// !$*UTF8*$!
{
	archiveVersion = 1;
	classes = {
	};
	objectVersion = 50;
	objects = {

/* Begin PBXBuildFile section */
		B627BA982B994720008B0614 /* APIServiceProtocol.swift in Sources */ = {isa = PBXBuildFile; fileRef = B627BA972B994720008B0614 /* APIServiceProtocol.swift */; };
		B63171242B9A601E008FDE8A /* StubAPIService.swift in Sources */ = {isa = PBXBuildFile; fileRef = B63171232B9A601E008FDE8A /* StubAPIService.swift */; };
		B63171272B9A9AB9008FDE8A /* SpyCoordinator.swift in Sources */ = {isa = PBXBuildFile; fileRef = B63171262B9A9AB9008FDE8A /* SpyCoordinator.swift */; };
		B631712A2B9AB897008FDE8A /* MockURLProtocol.swift in Sources */ = {isa = PBXBuildFile; fileRef = B63171292B9AB897008FDE8A /* MockURLProtocol.swift */; };
		B631712F2B9BB5E6008FDE8A /* URLRequestProtocol.swift in Sources */ = {isa = PBXBuildFile; fileRef = B631712E2B9BB5E6008FDE8A /* URLRequestProtocol.swift */; };
		B63171312B9BC752008FDE8A /* Environment.swift in Sources */ = {isa = PBXBuildFile; fileRef = B63171302B9BC752008FDE8A /* Environment.swift */; };
		B63171332B9BC9AB008FDE8A /* ApiClient.swift in Sources */ = {isa = PBXBuildFile; fileRef = B63171322B9BC9AB008FDE8A /* ApiClient.swift */; };
		B63171372B9BF913008FDE8A /* ResponseModel.json in Resources */ = {isa = PBXBuildFile; fileRef = B63171362B9BF913008FDE8A /* ResponseModel.json */; };
		F4ACBAA1272513300001B6A0 /* AppDelegate.swift in Sources */ = {isa = PBXBuildFile; fileRef = F4ACBAA0272513300001B6A0 /* AppDelegate.swift */; };
		F4ACBAA3272513300001B6A0 /* SceneDelegate.swift in Sources */ = {isa = PBXBuildFile; fileRef = F4ACBAA2272513300001B6A0 /* SceneDelegate.swift */; };
		F4ACBAA5272513300001B6A0 /* ViewController.swift in Sources */ = {isa = PBXBuildFile; fileRef = F4ACBAA4272513300001B6A0 /* ViewController.swift */; };
		F4ACBAAA2725133C0001B6A0 /* Assets.xcassets in Resources */ = {isa = PBXBuildFile; fileRef = F4ACBAA92725133C0001B6A0 /* Assets.xcassets */; };
		F4ACBAAD2725133C0001B6A0 /* LaunchScreen.storyboard in Resources */ = {isa = PBXBuildFile; fileRef = F4ACBAAB2725133C0001B6A0 /* LaunchScreen.storyboard */; };
		F4ACBAB82725133C0001B6A0 /* DailyNewsTests.swift in Sources */ = {isa = PBXBuildFile; fileRef = F4ACBAB72725133C0001B6A0 /* DailyNewsTests.swift */; };
		F4ACBAC32725133C0001B6A0 /* DailyNewsUITests.swift in Sources */ = {isa = PBXBuildFile; fileRef = F4ACBAC22725133C0001B6A0 /* DailyNewsUITests.swift */; };
		F4ACBAE1272530EA0001B6A0 /* DNNewsModel.swift in Sources */ = {isa = PBXBuildFile; fileRef = F4ACBAE0272530EA0001B6A0 /* DNNewsModel.swift */; };
		F4ACBAEF272531880001B6A0 /* DNNetworkModel.swift in Sources */ = {isa = PBXBuildFile; fileRef = F4ACBAEE272531880001B6A0 /* DNNetworkModel.swift */; };
		F4ACBAFF2725437F0001B6A0 /* DNCellView.swift in Sources */ = {isa = PBXBuildFile; fileRef = F4ACBAFE2725437F0001B6A0 /* DNCellView.swift */; };
		F4ACBB0827255A780001B6A0 /* DNCellViewModel.swift in Sources */ = {isa = PBXBuildFile; fileRef = F4ACBB0727255A780001B6A0 /* DNCellViewModel.swift */; };
		F4ACBB0D27255CF00001B6A0 /* DNTableViewModel.swift in Sources */ = {isa = PBXBuildFile; fileRef = F4ACBB0C27255CF00001B6A0 /* DNTableViewModel.swift */; };
		F4ACBB1227255EAA0001B6A0 /* DNTableModel.swift in Sources */ = {isa = PBXBuildFile; fileRef = F4ACBB1127255EAA0001B6A0 /* DNTableModel.swift */; };
		F4ACBB17272560B00001B6A0 /* APIService.swift in Sources */ = {isa = PBXBuildFile; fileRef = F4ACBB16272560B00001B6A0 /* APIService.swift */; };
		F4ACBB2027256F0D0001B6A0 /* AppCoordinator.swift in Sources */ = {isa = PBXBuildFile; fileRef = F4ACBB1F27256F0D0001B6A0 /* AppCoordinator.swift */; };
		F4ACBB25272570470001B6A0 /* TableViewCoordinator.swift in Sources */ = {isa = PBXBuildFile; fileRef = F4ACBB24272570470001B6A0 /* TableViewCoordinator.swift */; };
		F4ACBB2D272571E00001B6A0 /* LoadWebPageCoordinator.swift in Sources */ = {isa = PBXBuildFile; fileRef = F4ACBB2C272571E00001B6A0 /* LoadWebPageCoordinator.swift */; };
		F4ACBB352725771F0001B6A0 /* DailyNewsNetworkTest.swift in Sources */ = {isa = PBXBuildFile; fileRef = F4ACBB342725771F0001B6A0 /* DailyNewsNetworkTest.swift */; };
		F4ACBB3A272577720001B6A0 /* DailyNewsTableViewModelTest.swift in Sources */ = {isa = PBXBuildFile; fileRef = F4ACBB39272577720001B6A0 /* DailyNewsTableViewModelTest.swift */; };
/* End PBXBuildFile section */

/* Begin PBXContainerItemProxy section */
		F4ACBAB42725133C0001B6A0 /* PBXContainerItemProxy */ = {
			isa = PBXContainerItemProxy;
			containerPortal = F4ACBA95272513300001B6A0 /* Project object */;
			proxyType = 1;
			remoteGlobalIDString = F4ACBA9C272513300001B6A0;
			remoteInfo = DailyNews;
		};
		F4ACBABF2725133C0001B6A0 /* PBXContainerItemProxy */ = {
			isa = PBXContainerItemProxy;
			containerPortal = F4ACBA95272513300001B6A0 /* Project object */;
			proxyType = 1;
			remoteGlobalIDString = F4ACBA9C272513300001B6A0;
			remoteInfo = DailyNews;
		};
/* End PBXContainerItemProxy section */

/* Begin PBXFileReference section */
		B627BA972B994720008B0614 /* APIServiceProtocol.swift */ = {isa = PBXFileReference; lastKnownFileType = sourcecode.swift; path = APIServiceProtocol.swift; sourceTree = "<group>"; };
		B63171232B9A601E008FDE8A /* StubAPIService.swift */ = {isa = PBXFileReference; lastKnownFileType = sourcecode.swift; path = StubAPIService.swift; sourceTree = "<group>"; };
		B63171262B9A9AB9008FDE8A /* SpyCoordinator.swift */ = {isa = PBXFileReference; lastKnownFileType = sourcecode.swift; path = SpyCoordinator.swift; sourceTree = "<group>"; };
		B63171292B9AB897008FDE8A /* MockURLProtocol.swift */ = {isa = PBXFileReference; lastKnownFileType = sourcecode.swift; path = MockURLProtocol.swift; sourceTree = "<group>"; };
		B631712E2B9BB5E6008FDE8A /* URLRequestProtocol.swift */ = {isa = PBXFileReference; lastKnownFileType = sourcecode.swift; path = URLRequestProtocol.swift; sourceTree = "<group>"; };
		B63171302B9BC752008FDE8A /* Environment.swift */ = {isa = PBXFileReference; lastKnownFileType = sourcecode.swift; path = Environment.swift; sourceTree = "<group>"; };
		B63171322B9BC9AB008FDE8A /* ApiClient.swift */ = {isa = PBXFileReference; lastKnownFileType = sourcecode.swift; path = ApiClient.swift; sourceTree = "<group>"; };
		B63171362B9BF913008FDE8A /* ResponseModel.json */ = {isa = PBXFileReference; lastKnownFileType = text.json; path = ResponseModel.json; sourceTree = "<group>"; };
		F4ACBA9D272513300001B6A0 /* DailyNews.app */ = {isa = PBXFileReference; explicitFileType = wrapper.application; includeInIndex = 0; path = DailyNews.app; sourceTree = BUILT_PRODUCTS_DIR; };
		F4ACBAA0272513300001B6A0 /* AppDelegate.swift */ = {isa = PBXFileReference; lastKnownFileType = sourcecode.swift; path = AppDelegate.swift; sourceTree = "<group>"; };
		F4ACBAA2272513300001B6A0 /* SceneDelegate.swift */ = {isa = PBXFileReference; lastKnownFileType = sourcecode.swift; path = SceneDelegate.swift; sourceTree = "<group>"; };
		F4ACBAA4272513300001B6A0 /* ViewController.swift */ = {isa = PBXFileReference; lastKnownFileType = sourcecode.swift; path = ViewController.swift; sourceTree = "<group>"; };
		F4ACBAA92725133C0001B6A0 /* Assets.xcassets */ = {isa = PBXFileReference; lastKnownFileType = folder.assetcatalog; path = Assets.xcassets; sourceTree = "<group>"; };
		F4ACBAAC2725133C0001B6A0 /* Base */ = {isa = PBXFileReference; lastKnownFileType = file.storyboard; name = Base; path = Base.lproj/LaunchScreen.storyboard; sourceTree = "<group>"; };
		F4ACBAAE2725133C0001B6A0 /* Info.plist */ = {isa = PBXFileReference; lastKnownFileType = text.plist.xml; path = Info.plist; sourceTree = "<group>"; };
		F4ACBAB32725133C0001B6A0 /* DailyNewsTests.xctest */ = {isa = PBXFileReference; explicitFileType = wrapper.cfbundle; includeInIndex = 0; path = DailyNewsTests.xctest; sourceTree = BUILT_PRODUCTS_DIR; };
		F4ACBAB72725133C0001B6A0 /* DailyNewsTests.swift */ = {isa = PBXFileReference; lastKnownFileType = sourcecode.swift; path = DailyNewsTests.swift; sourceTree = "<group>"; };
		F4ACBAB92725133C0001B6A0 /* Info.plist */ = {isa = PBXFileReference; lastKnownFileType = text.plist.xml; path = Info.plist; sourceTree = "<group>"; };
		F4ACBABE2725133C0001B6A0 /* DailyNewsUITests.xctest */ = {isa = PBXFileReference; explicitFileType = wrapper.cfbundle; includeInIndex = 0; path = DailyNewsUITests.xctest; sourceTree = BUILT_PRODUCTS_DIR; };
		F4ACBAC22725133C0001B6A0 /* DailyNewsUITests.swift */ = {isa = PBXFileReference; lastKnownFileType = sourcecode.swift; path = DailyNewsUITests.swift; sourceTree = "<group>"; };
		F4ACBAC42725133C0001B6A0 /* Info.plist */ = {isa = PBXFileReference; lastKnownFileType = text.plist.xml; path = Info.plist; sourceTree = "<group>"; };
		F4ACBAE0272530EA0001B6A0 /* DNNewsModel.swift */ = {isa = PBXFileReference; lastKnownFileType = sourcecode.swift; path = DNNewsModel.swift; sourceTree = "<group>"; };
		F4ACBAEE272531880001B6A0 /* DNNetworkModel.swift */ = {isa = PBXFileReference; lastKnownFileType = sourcecode.swift; path = DNNetworkModel.swift; sourceTree = "<group>"; };
		F4ACBAFE2725437F0001B6A0 /* DNCellView.swift */ = {isa = PBXFileReference; lastKnownFileType = sourcecode.swift; path = DNCellView.swift; sourceTree = "<group>"; };
		F4ACBB0727255A780001B6A0 /* DNCellViewModel.swift */ = {isa = PBXFileReference; lastKnownFileType = sourcecode.swift; path = DNCellViewModel.swift; sourceTree = "<group>"; };
		F4ACBB0C27255CF00001B6A0 /* DNTableViewModel.swift */ = {isa = PBXFileReference; lastKnownFileType = sourcecode.swift; path = DNTableViewModel.swift; sourceTree = "<group>"; };
		F4ACBB1127255EAA0001B6A0 /* DNTableModel.swift */ = {isa = PBXFileReference; lastKnownFileType = sourcecode.swift; path = DNTableModel.swift; sourceTree = "<group>"; };
		F4ACBB16272560B00001B6A0 /* APIService.swift */ = {isa = PBXFileReference; lastKnownFileType = sourcecode.swift; path = APIService.swift; sourceTree = "<group>"; };
		F4ACBB1F27256F0D0001B6A0 /* AppCoordinator.swift */ = {isa = PBXFileReference; lastKnownFileType = sourcecode.swift; path = AppCoordinator.swift; sourceTree = "<group>"; };
		F4ACBB24272570470001B6A0 /* TableViewCoordinator.swift */ = {isa = PBXFileReference; lastKnownFileType = sourcecode.swift; path = TableViewCoordinator.swift; sourceTree = "<group>"; };
		F4ACBB2C272571E00001B6A0 /* LoadWebPageCoordinator.swift */ = {isa = PBXFileReference; lastKnownFileType = sourcecode.swift; path = LoadWebPageCoordinator.swift; sourceTree = "<group>"; };
		F4ACBB342725771F0001B6A0 /* DailyNewsNetworkTest.swift */ = {isa = PBXFileReference; lastKnownFileType = sourcecode.swift; path = DailyNewsNetworkTest.swift; sourceTree = "<group>"; };
		F4ACBB39272577720001B6A0 /* DailyNewsTableViewModelTest.swift */ = {isa = PBXFileReference; lastKnownFileType = sourcecode.swift; path = DailyNewsTableViewModelTest.swift; sourceTree = "<group>"; };
/* End PBXFileReference section */

/* Begin PBXFrameworksBuildPhase section */
		F4ACBA9A272513300001B6A0 /* Frameworks */ = {
			isa = PBXFrameworksBuildPhase;
			buildActionMask = 2147483647;
			files = (
			);
			runOnlyForDeploymentPostprocessing = 0;
		};
		F4ACBAB02725133C0001B6A0 /* Frameworks */ = {
			isa = PBXFrameworksBuildPhase;
			buildActionMask = 2147483647;
			files = (
			);
			runOnlyForDeploymentPostprocessing = 0;
		};
		F4ACBABB2725133C0001B6A0 /* Frameworks */ = {
			isa = PBXFrameworksBuildPhase;
			buildActionMask = 2147483647;
			files = (
			);
			runOnlyForDeploymentPostprocessing = 0;
		};
/* End PBXFrameworksBuildPhase section */

/* Begin PBXGroup section */
		B63171222B9A5FF9008FDE8A /* Stubs */ = {
			isa = PBXGroup;
			children = (
				B63171232B9A601E008FDE8A /* StubAPIService.swift */,
			);
			path = Stubs;
			sourceTree = "<group>";
		};
		B63171252B9A9AA6008FDE8A /* Spy */ = {
			isa = PBXGroup;
			children = (
				B63171262B9A9AB9008FDE8A /* SpyCoordinator.swift */,
			);
			path = Spy;
			sourceTree = "<group>";
		};
		B63171282B9AB882008FDE8A /* Mock */ = {
			isa = PBXGroup;
			children = (
				B63171292B9AB897008FDE8A /* MockURLProtocol.swift */,
			);
			path = Mock;
			sourceTree = "<group>";
		};
		B631712B2B9BB05F008FDE8A /* App */ = {
			isa = PBXGroup;
			children = (
				B63171342B9BCD27008FDE8A /* Delegate */,
				B631712D2B9BB1EA008FDE8A /* Environment */,
			);
			path = App;
			sourceTree = "<group>";
		};
		B631712C2B9BB086008FDE8A /* Presentation */ = {
			isa = PBXGroup;
			children = (
				F4ACBB1E27256EE40001B6A0 /* Coordinator */,
				F4ACBADC27252F1B0001B6A0 /* Model */,
				F4ACBB0627255A570001B6A0 /* ViewModel */,
				F4ACBAFD272543580001B6A0 /* View */,
			);
			path = Presentation;
			sourceTree = "<group>";
		};
		B631712D2B9BB1EA008FDE8A /* Environment */ = {
			isa = PBXGroup;
			children = (
				B63171302B9BC752008FDE8A /* Environment.swift */,
				B63171322B9BC9AB008FDE8A /* ApiClient.swift */,
			);
			path = Environment;
			sourceTree = "<group>";
		};
		B63171342B9BCD27008FDE8A /* Delegate */ = {
			isa = PBXGroup;
			children = (
				F4ACBAA0272513300001B6A0 /* AppDelegate.swift */,
				F4ACBAA2272513300001B6A0 /* SceneDelegate.swift */,
			);
			path = Delegate;
			sourceTree = "<group>";
		};
		B63171352B9BF8B1008FDE8A /* Data */ = {
			isa = PBXGroup;
			children = (
				B63171362B9BF913008FDE8A /* ResponseModel.json */,
			);
			path = Data;
			sourceTree = "<group>";
		};
		F4ACBA94272513300001B6A0 = {
			isa = PBXGroup;
			children = (
				F4ACBA9F272513300001B6A0 /* DailyNews */,
				F4ACBAB62725133C0001B6A0 /* DailyNewsTests */,
				F4ACBAC12725133C0001B6A0 /* DailyNewsUITests */,
				F4ACBA9E272513300001B6A0 /* Products */,
			);
			sourceTree = "<group>";
		};
		F4ACBA9E272513300001B6A0 /* Products */ = {
			isa = PBXGroup;
			children = (
				F4ACBA9D272513300001B6A0 /* DailyNews.app */,
				F4ACBAB32725133C0001B6A0 /* DailyNewsTests.xctest */,
				F4ACBABE2725133C0001B6A0 /* DailyNewsUITests.xctest */,
			);
			name = Products;
			sourceTree = "<group>";
		};
		F4ACBA9F272513300001B6A0 /* DailyNews */ = {
			isa = PBXGroup;
			children = (
				B631712B2B9BB05F008FDE8A /* App */,
				B631712C2B9BB086008FDE8A /* Presentation */,
				F4ACBAE5272531330001B6A0 /* Service */,
				F4ACBAA92725133C0001B6A0 /* Assets.xcassets */,
				F4ACBAAB2725133C0001B6A0 /* LaunchScreen.storyboard */,
				F4ACBAAE2725133C0001B6A0 /* Info.plist */,
			);
			path = DailyNews;
			sourceTree = "<group>";
		};
		F4ACBAB62725133C0001B6A0 /* DailyNewsTests */ = {
			isa = PBXGroup;
			children = (
				B63171352B9BF8B1008FDE8A /* Data */,
				B63171282B9AB882008FDE8A /* Mock */,
				B63171252B9A9AA6008FDE8A /* Spy */,
				B63171222B9A5FF9008FDE8A /* Stubs */,
				F4ACBAB72725133C0001B6A0 /* DailyNewsTests.swift */,
				F4ACBAB92725133C0001B6A0 /* Info.plist */,
				F4ACBB342725771F0001B6A0 /* DailyNewsNetworkTest.swift */,
				F4ACBB39272577720001B6A0 /* DailyNewsTableViewModelTest.swift */,
			);
			path = DailyNewsTests;
			sourceTree = "<group>";
		};
		F4ACBAC12725133C0001B6A0 /* DailyNewsUITests */ = {
			isa = PBXGroup;
			children = (
				F4ACBAC22725133C0001B6A0 /* DailyNewsUITests.swift */,
				F4ACBAC42725133C0001B6A0 /* Info.plist */,
			);
			path = DailyNewsUITests;
			sourceTree = "<group>";
		};
		F4ACBADC27252F1B0001B6A0 /* Model */ = {
			isa = PBXGroup;
			children = (
				F4ACBAE0272530EA0001B6A0 /* DNNewsModel.swift */,
				F4ACBAEE272531880001B6A0 /* DNNetworkModel.swift */,
				F4ACBB1127255EAA0001B6A0 /* DNTableModel.swift */,
			);
			path = Model;
			sourceTree = "<group>";
		};
		F4ACBAE5272531330001B6A0 /* Service */ = {
			isa = PBXGroup;
			children = (
				B627BA972B994720008B0614 /* APIServiceProtocol.swift */,
				F4ACBB16272560B00001B6A0 /* APIService.swift */,
				B631712E2B9BB5E6008FDE8A /* URLRequestProtocol.swift */,
			);
			path = Service;
			sourceTree = "<group>";
		};
		F4ACBAFD272543580001B6A0 /* View */ = {
			isa = PBXGroup;
			children = (
				F4ACBAA4272513300001B6A0 /* ViewController.swift */,
				F4ACBAFE2725437F0001B6A0 /* DNCellView.swift */,
			);
			path = View;
			sourceTree = "<group>";
		};
		F4ACBB0627255A570001B6A0 /* ViewModel */ = {
			isa = PBXGroup;
			children = (
				F4ACBB0727255A780001B6A0 /* DNCellViewModel.swift */,
				F4ACBB0C27255CF00001B6A0 /* DNTableViewModel.swift */,
			);
			path = ViewModel;
			sourceTree = "<group>";
		};
		F4ACBB1E27256EE40001B6A0 /* Coordinator */ = {
			isa = PBXGroup;
			children = (
				F4ACBB1F27256F0D0001B6A0 /* AppCoordinator.swift */,
				F4ACBB24272570470001B6A0 /* TableViewCoordinator.swift */,
				F4ACBB2C272571E00001B6A0 /* LoadWebPageCoordinator.swift */,
			);
			path = Coordinator;
			sourceTree = "<group>";
		};
/* End PBXGroup section */

/* Begin PBXNativeTarget section */
		F4ACBA9C272513300001B6A0 /* DailyNews */ = {
			isa = PBXNativeTarget;
			buildConfigurationList = F4ACBAC72725133C0001B6A0 /* Build configuration list for PBXNativeTarget "DailyNews" */;
			buildPhases = (
				F4ACBA99272513300001B6A0 /* Sources */,
				F4ACBA9A272513300001B6A0 /* Frameworks */,
				F4ACBA9B272513300001B6A0 /* Resources */,
			);
			buildRules = (
			);
			dependencies = (
			);
			name = DailyNews;
			productName = DailyNews;
			productReference = F4ACBA9D272513300001B6A0 /* DailyNews.app */;
			productType = "com.apple.product-type.application";
		};
		F4ACBAB22725133C0001B6A0 /* DailyNewsTests */ = {
			isa = PBXNativeTarget;
			buildConfigurationList = F4ACBACA2725133C0001B6A0 /* Build configuration list for PBXNativeTarget "DailyNewsTests" */;
			buildPhases = (
				F4ACBAAF2725133C0001B6A0 /* Sources */,
				F4ACBAB02725133C0001B6A0 /* Frameworks */,
				F4ACBAB12725133C0001B6A0 /* Resources */,
			);
			buildRules = (
			);
			dependencies = (
				F4ACBAB52725133C0001B6A0 /* PBXTargetDependency */,
			);
			name = DailyNewsTests;
			productName = DailyNewsTests;
			productReference = F4ACBAB32725133C0001B6A0 /* DailyNewsTests.xctest */;
			productType = "com.apple.product-type.bundle.unit-test";
		};
		F4ACBABD2725133C0001B6A0 /* DailyNewsUITests */ = {
			isa = PBXNativeTarget;
			buildConfigurationList = F4ACBACD2725133C0001B6A0 /* Build configuration list for PBXNativeTarget "DailyNewsUITests" */;
			buildPhases = (
				F4ACBABA2725133C0001B6A0 /* Sources */,
				F4ACBABB2725133C0001B6A0 /* Frameworks */,
				F4ACBABC2725133C0001B6A0 /* Resources */,
			);
			buildRules = (
			);
			dependencies = (
				F4ACBAC02725133C0001B6A0 /* PBXTargetDependency */,
			);
			name = DailyNewsUITests;
			productName = DailyNewsUITests;
			productReference = F4ACBABE2725133C0001B6A0 /* DailyNewsUITests.xctest */;
			productType = "com.apple.product-type.bundle.ui-testing";
		};
/* End PBXNativeTarget section */

/* Begin PBXProject section */
		F4ACBA95272513300001B6A0 /* Project object */ = {
			isa = PBXProject;
			attributes = {
				LastSwiftUpdateCheck = 1240;
				LastUpgradeCheck = 1240;
				TargetAttributes = {
					F4ACBA9C272513300001B6A0 = {
						CreatedOnToolsVersion = 12.4;
					};
					F4ACBAB22725133C0001B6A0 = {
						CreatedOnToolsVersion = 12.4;
						TestTargetID = F4ACBA9C272513300001B6A0;
					};
					F4ACBABD2725133C0001B6A0 = {
						CreatedOnToolsVersion = 12.4;
						TestTargetID = F4ACBA9C272513300001B6A0;
					};
				};
			};
			buildConfigurationList = F4ACBA98272513300001B6A0 /* Build configuration list for PBXProject "DailyNews" */;
			compatibilityVersion = "Xcode 9.3";
			developmentRegion = en;
			hasScannedForEncodings = 0;
			knownRegions = (
				en,
				Base,
			);
			mainGroup = F4ACBA94272513300001B6A0;
			productRefGroup = F4ACBA9E272513300001B6A0 /* Products */;
			projectDirPath = "";
			projectRoot = "";
			targets = (
				F4ACBA9C272513300001B6A0 /* DailyNews */,
				F4ACBAB22725133C0001B6A0 /* DailyNewsTests */,
				F4ACBABD2725133C0001B6A0 /* DailyNewsUITests */,
			);
		};
/* End PBXProject section */

/* Begin PBXResourcesBuildPhase section */
		F4ACBA9B272513300001B6A0 /* Resources */ = {
			isa = PBXResourcesBuildPhase;
			buildActionMask = 2147483647;
			files = (
				F4ACBAAD2725133C0001B6A0 /* LaunchScreen.storyboard in Resources */,
				F4ACBAAA2725133C0001B6A0 /* Assets.xcassets in Resources */,
			);
			runOnlyForDeploymentPostprocessing = 0;
		};
		F4ACBAB12725133C0001B6A0 /* Resources */ = {
			isa = PBXResourcesBuildPhase;
			buildActionMask = 2147483647;
			files = (
				B63171372B9BF913008FDE8A /* ResponseModel.json in Resources */,
			);
			runOnlyForDeploymentPostprocessing = 0;
		};
		F4ACBABC2725133C0001B6A0 /* Resources */ = {
			isa = PBXResourcesBuildPhase;
			buildActionMask = 2147483647;
			files = (
			);
			runOnlyForDeploymentPostprocessing = 0;
		};
/* End PBXResourcesBuildPhase section */

/* Begin PBXSourcesBuildPhase section */
		F4ACBA99272513300001B6A0 /* Sources */ = {
			isa = PBXSourcesBuildPhase;
			buildActionMask = 2147483647;
			files = (
				F4ACBB25272570470001B6A0 /* TableViewCoordinator.swift in Sources */,
				B63171312B9BC752008FDE8A /* Environment.swift in Sources */,
				F4ACBB2027256F0D0001B6A0 /* AppCoordinator.swift in Sources */,
				F4ACBAEF272531880001B6A0 /* DNNetworkModel.swift in Sources */,
				B63171332B9BC9AB008FDE8A /* ApiClient.swift in Sources */,
				F4ACBAE1272530EA0001B6A0 /* DNNewsModel.swift in Sources */,
				F4ACBB17272560B00001B6A0 /* APIService.swift in Sources */,
				F4ACBAA5272513300001B6A0 /* ViewController.swift in Sources */,
				F4ACBAA1272513300001B6A0 /* AppDelegate.swift in Sources */,
				F4ACBB0827255A780001B6A0 /* DNCellViewModel.swift in Sources */,
				B631712F2B9BB5E6008FDE8A /* URLRequestProtocol.swift in Sources */,
				F4ACBAFF2725437F0001B6A0 /* DNCellView.swift in Sources */,
				F4ACBAA3272513300001B6A0 /* SceneDelegate.swift in Sources */,
				F4ACBB1227255EAA0001B6A0 /* DNTableModel.swift in Sources */,
				F4ACBB0D27255CF00001B6A0 /* DNTableViewModel.swift in Sources */,
				B627BA982B994720008B0614 /* APIServiceProtocol.swift in Sources */,
				F4ACBB2D272571E00001B6A0 /* LoadWebPageCoordinator.swift in Sources */,
			);
			runOnlyForDeploymentPostprocessing = 0;
		};
		F4ACBAAF2725133C0001B6A0 /* Sources */ = {
			isa = PBXSourcesBuildPhase;
			buildActionMask = 2147483647;
			files = (
				B631712A2B9AB897008FDE8A /* MockURLProtocol.swift in Sources */,
				B63171242B9A601E008FDE8A /* StubAPIService.swift in Sources */,
				F4ACBAB82725133C0001B6A0 /* DailyNewsTests.swift in Sources */,
				B63171272B9A9AB9008FDE8A /* SpyCoordinator.swift in Sources */,
				F4ACBB352725771F0001B6A0 /* DailyNewsNetworkTest.swift in Sources */,
				F4ACBB3A272577720001B6A0 /* DailyNewsTableViewModelTest.swift in Sources */,
			);
			runOnlyForDeploymentPostprocessing = 0;
		};
		F4ACBABA2725133C0001B6A0 /* Sources */ = {
			isa = PBXSourcesBuildPhase;
			buildActionMask = 2147483647;
			files = (
				F4ACBAC32725133C0001B6A0 /* DailyNewsUITests.swift in Sources */,
			);
			runOnlyForDeploymentPostprocessing = 0;
		};
/* End PBXSourcesBuildPhase section */

/* Begin PBXTargetDependency section */
		F4ACBAB52725133C0001B6A0 /* PBXTargetDependency */ = {
			isa = PBXTargetDependency;
			target = F4ACBA9C272513300001B6A0 /* DailyNews */;
			targetProxy = F4ACBAB42725133C0001B6A0 /* PBXContainerItemProxy */;
		};
		F4ACBAC02725133C0001B6A0 /* PBXTargetDependency */ = {
			isa = PBXTargetDependency;
			target = F4ACBA9C272513300001B6A0 /* DailyNews */;
			targetProxy = F4ACBABF2725133C0001B6A0 /* PBXContainerItemProxy */;
		};
/* End PBXTargetDependency section */

/* Begin PBXVariantGroup section */
		F4ACBAAB2725133C0001B6A0 /* LaunchScreen.storyboard */ = {
			isa = PBXVariantGroup;
			children = (
				F4ACBAAC2725133C0001B6A0 /* Base */,
			);
			name = LaunchScreen.storyboard;
			sourceTree = "<group>";
		};
/* End PBXVariantGroup section */

/* Begin XCBuildConfiguration section */
		F4ACBAC52725133C0001B6A0 /* Debug */ = {
			isa = XCBuildConfiguration;
			buildSettings = {
				ALWAYS_SEARCH_USER_PATHS = NO;
				CLANG_ANALYZER_NONNULL = YES;
				CLANG_ANALYZER_NUMBER_OBJECT_CONVERSION = YES_AGGRESSIVE;
				CLANG_CXX_LANGUAGE_STANDARD = "gnu++14";
				CLANG_CXX_LIBRARY = "libc++";
				CLANG_ENABLE_MODULES = YES;
				CLANG_ENABLE_OBJC_ARC = YES;
				CLANG_ENABLE_OBJC_WEAK = YES;
				CLANG_WARN_BLOCK_CAPTURE_AUTORELEASING = YES;
				CLANG_WARN_BOOL_CONVERSION = YES;
				CLANG_WARN_COMMA = YES;
				CLANG_WARN_CONSTANT_CONVERSION = YES;
				CLANG_WARN_DEPRECATED_OBJC_IMPLEMENTATIONS = YES;
				CLANG_WARN_DIRECT_OBJC_ISA_USAGE = YES_ERROR;
				CLANG_WARN_DOCUMENTATION_COMMENTS = YES;
				CLANG_WARN_EMPTY_BODY = YES;
				CLANG_WARN_ENUM_CONVERSION = YES;
				CLANG_WARN_INFINITE_RECURSION = YES;
				CLANG_WARN_INT_CONVERSION = YES;
				CLANG_WARN_NON_LITERAL_NULL_CONVERSION = YES;
				CLANG_WARN_OBJC_IMPLICIT_RETAIN_SELF = YES;
				CLANG_WARN_OBJC_LITERAL_CONVERSION = YES;
				CLANG_WARN_OBJC_ROOT_CLASS = YES_ERROR;
				CLANG_WARN_QUOTED_INCLUDE_IN_FRAMEWORK_HEADER = YES;
				CLANG_WARN_RANGE_LOOP_ANALYSIS = YES;
				CLANG_WARN_STRICT_PROTOTYPES = YES;
				CLANG_WARN_SUSPICIOUS_MOVE = YES;
				CLANG_WARN_UNGUARDED_AVAILABILITY = YES_AGGRESSIVE;
				CLANG_WARN_UNREACHABLE_CODE = YES;
				CLANG_WARN__DUPLICATE_METHOD_MATCH = YES;
				COPY_PHASE_STRIP = NO;
				DEBUG_INFORMATION_FORMAT = dwarf;
				ENABLE_STRICT_OBJC_MSGSEND = YES;
				ENABLE_TESTABILITY = YES;
				GCC_C_LANGUAGE_STANDARD = gnu11;
				GCC_DYNAMIC_NO_PIC = NO;
				GCC_NO_COMMON_BLOCKS = YES;
				GCC_OPTIMIZATION_LEVEL = 0;
				GCC_PREPROCESSOR_DEFINITIONS = (
					"DEBUG=1",
					"$(inherited)",
				);
				GCC_WARN_64_TO_32_BIT_CONVERSION = YES;
				GCC_WARN_ABOUT_RETURN_TYPE = YES_ERROR;
				GCC_WARN_UNDECLARED_SELECTOR = YES;
				GCC_WARN_UNINITIALIZED_AUTOS = YES_AGGRESSIVE;
				GCC_WARN_UNUSED_FUNCTION = YES;
				GCC_WARN_UNUSED_VARIABLE = YES;
				IPHONEOS_DEPLOYMENT_TARGET = 14.0;
				MTL_ENABLE_DEBUG_INFO = INCLUDE_SOURCE;
				MTL_FAST_MATH = YES;
				ONLY_ACTIVE_ARCH = YES;
				SDKROOT = iphoneos;
				SWIFT_ACTIVE_COMPILATION_CONDITIONS = DEBUG;
				SWIFT_OPTIMIZATION_LEVEL = "-Onone";
			};
			name = Debug;
		};
		F4ACBAC62725133C0001B6A0 /* Release */ = {
			isa = XCBuildConfiguration;
			buildSettings = {
				ALWAYS_SEARCH_USER_PATHS = NO;
				CLANG_ANALYZER_NONNULL = YES;
				CLANG_ANALYZER_NUMBER_OBJECT_CONVERSION = YES_AGGRESSIVE;
				CLANG_CXX_LANGUAGE_STANDARD = "gnu++14";
				CLANG_CXX_LIBRARY = "libc++";
				CLANG_ENABLE_MODULES = YES;
				CLANG_ENABLE_OBJC_ARC = YES;
				CLANG_ENABLE_OBJC_WEAK = YES;
				CLANG_WARN_BLOCK_CAPTURE_AUTORELEASING = YES;
				CLANG_WARN_BOOL_CONVERSION = YES;
				CLANG_WARN_COMMA = YES;
				CLANG_WARN_CONSTANT_CONVERSION = YES;
				CLANG_WARN_DEPRECATED_OBJC_IMPLEMENTATIONS = YES;
				CLANG_WARN_DIRECT_OBJC_ISA_USAGE = YES_ERROR;
				CLANG_WARN_DOCUMENTATION_COMMENTS = YES;
				CLANG_WARN_EMPTY_BODY = YES;
				CLANG_WARN_ENUM_CONVERSION = YES;
				CLANG_WARN_INFINITE_RECURSION = YES;
				CLANG_WARN_INT_CONVERSION = YES;
				CLANG_WARN_NON_LITERAL_NULL_CONVERSION = YES;
				CLANG_WARN_OBJC_IMPLICIT_RETAIN_SELF = YES;
				CLANG_WARN_OBJC_LITERAL_CONVERSION = YES;
				CLANG_WARN_OBJC_ROOT_CLASS = YES_ERROR;
				CLANG_WARN_QUOTED_INCLUDE_IN_FRAMEWORK_HEADER = YES;
				CLANG_WARN_RANGE_LOOP_ANALYSIS = YES;
				CLANG_WARN_STRICT_PROTOTYPES = YES;
				CLANG_WARN_SUSPICIOUS_MOVE = YES;
				CLANG_WARN_UNGUARDED_AVAILABILITY = YES_AGGRESSIVE;
				CLANG_WARN_UNREACHABLE_CODE = YES;
				CLANG_WARN__DUPLICATE_METHOD_MATCH = YES;
				COPY_PHASE_STRIP = NO;
				DEBUG_INFORMATION_FORMAT = "dwarf-with-dsym";
				ENABLE_NS_ASSERTIONS = NO;
				ENABLE_STRICT_OBJC_MSGSEND = YES;
				GCC_C_LANGUAGE_STANDARD = gnu11;
				GCC_NO_COMMON_BLOCKS = YES;
				GCC_WARN_64_TO_32_BIT_CONVERSION = YES;
				GCC_WARN_ABOUT_RETURN_TYPE = YES_ERROR;
				GCC_WARN_UNDECLARED_SELECTOR = YES;
				GCC_WARN_UNINITIALIZED_AUTOS = YES_AGGRESSIVE;
				GCC_WARN_UNUSED_FUNCTION = YES;
				GCC_WARN_UNUSED_VARIABLE = YES;
				IPHONEOS_DEPLOYMENT_TARGET = 14.0;
				MTL_ENABLE_DEBUG_INFO = NO;
				MTL_FAST_MATH = YES;
				SDKROOT = iphoneos;
				SWIFT_COMPILATION_MODE = wholemodule;
				SWIFT_OPTIMIZATION_LEVEL = "-O";
				VALIDATE_PRODUCT = YES;
			};
			name = Release;
		};
		F4ACBAC82725133C0001B6A0 /* Debug */ = {
			isa = XCBuildConfiguration;
			buildSettings = {
				ASSETCATALOG_COMPILER_APPICON_NAME = AppIcon;
				ASSETCATALOG_COMPILER_GLOBAL_ACCENT_COLOR_NAME = AccentColor;
				CODE_SIGN_STYLE = Automatic;
				DEVELOPMENT_TEAM = X5N37JFBKS;
				INFOPLIST_FILE = DailyNews/Info.plist;
				LD_RUNPATH_SEARCH_PATHS = (
					"$(inherited)",
					"@executable_path/Frameworks",
				);
				PRODUCT_BUNDLE_IDENTIFIER = com.TechTest.DailyNews;
				PRODUCT_NAME = "$(TARGET_NAME)";
				SWIFT_VERSION = 5.0;
				TARGETED_DEVICE_FAMILY = "1,2";
			};
			name = Debug;
		};
		F4ACBAC92725133C0001B6A0 /* Release */ = {
			isa = XCBuildConfiguration;
			buildSettings = {
				ASSETCATALOG_COMPILER_APPICON_NAME = AppIcon;
				ASSETCATALOG_COMPILER_GLOBAL_ACCENT_COLOR_NAME = AccentColor;
				CODE_SIGN_STYLE = Automatic;
				DEVELOPMENT_TEAM = X5N37JFBKS;
				INFOPLIST_FILE = DailyNews/Info.plist;
				LD_RUNPATH_SEARCH_PATHS = (
					"$(inherited)",
					"@executable_path/Frameworks",
				);
				PRODUCT_BUNDLE_IDENTIFIER = com.TechTest.DailyNews;
				PRODUCT_NAME = "$(TARGET_NAME)";
				SWIFT_VERSION = 5.0;
				TARGETED_DEVICE_FAMILY = "1,2";
			};
			name = Release;
		};
		F4ACBACB2725133C0001B6A0 /* Debug */ = {
			isa = XCBuildConfiguration;
			buildSettings = {
				ALWAYS_EMBED_SWIFT_STANDARD_LIBRARIES = YES;
				BUNDLE_LOADER = "$(TEST_HOST)";
				CODE_SIGN_STYLE = Automatic;
				DEVELOPMENT_TEAM = X5N37JFBKS;
				INFOPLIST_FILE = DailyNewsTests/Info.plist;
				IPHONEOS_DEPLOYMENT_TARGET = 14.4;
				LD_RUNPATH_SEARCH_PATHS = (
					"$(inherited)",
					"@executable_path/Frameworks",
					"@loader_path/Frameworks",
				);
				PRODUCT_BUNDLE_IDENTIFIER = com.TechTest.DailyNewsTests;
				PRODUCT_NAME = "$(TARGET_NAME)";
				SWIFT_VERSION = 5.0;
				TARGETED_DEVICE_FAMILY = "1,2";
				TEST_HOST = "$(BUILT_PRODUCTS_DIR)/DailyNews.app/DailyNews";
			};
			name = Debug;
		};
		F4ACBACC2725133C0001B6A0 /* Release */ = {
			isa = XCBuildConfiguration;
			buildSettings = {
				ALWAYS_EMBED_SWIFT_STANDARD_LIBRARIES = YES;
				BUNDLE_LOADER = "$(TEST_HOST)";
				CODE_SIGN_STYLE = Automatic;
				DEVELOPMENT_TEAM = X5N37JFBKS;
				INFOPLIST_FILE = DailyNewsTests/Info.plist;
				IPHONEOS_DEPLOYMENT_TARGET = 14.4;
				LD_RUNPATH_SEARCH_PATHS = (
					"$(inherited)",
					"@executable_path/Frameworks",
					"@loader_path/Frameworks",
				);
				PRODUCT_BUNDLE_IDENTIFIER = com.TechTest.DailyNewsTests;
				PRODUCT_NAME = "$(TARGET_NAME)";
				SWIFT_VERSION = 5.0;
				TARGETED_DEVICE_FAMILY = "1,2";
				TEST_HOST = "$(BUILT_PRODUCTS_DIR)/DailyNews.app/DailyNews";
			};
			name = Release;
		};
		F4ACBACE2725133C0001B6A0 /* Debug */ = {
			isa = XCBuildConfiguration;
			buildSettings = {
				ALWAYS_EMBED_SWIFT_STANDARD_LIBRARIES = YES;
				CODE_SIGN_STYLE = Automatic;
				DEVELOPMENT_TEAM = X5N37JFBKS;
				INFOPLIST_FILE = DailyNewsUITests/Info.plist;
				LD_RUNPATH_SEARCH_PATHS = (
					"$(inherited)",
					"@executable_path/Frameworks",
					"@loader_path/Frameworks",
				);
				PRODUCT_BUNDLE_IDENTIFIER = com.TechTest.DailyNewsUITests;
				PRODUCT_NAME = "$(TARGET_NAME)";
				SWIFT_VERSION = 5.0;
				TARGETED_DEVICE_FAMILY = "1,2";
				TEST_TARGET_NAME = DailyNews;
			};
			name = Debug;
		};
		F4ACBACF2725133C0001B6A0 /* Release */ = {
			isa = XCBuildConfiguration;
			buildSettings = {
				ALWAYS_EMBED_SWIFT_STANDARD_LIBRARIES = YES;
				CODE_SIGN_STYLE = Automatic;
				DEVELOPMENT_TEAM = X5N37JFBKS;
				INFOPLIST_FILE = DailyNewsUITests/Info.plist;
				LD_RUNPATH_SEARCH_PATHS = (
					"$(inherited)",
					"@executable_path/Frameworks",
					"@loader_path/Frameworks",
				);
				PRODUCT_BUNDLE_IDENTIFIER = com.TechTest.DailyNewsUITests;
				PRODUCT_NAME = "$(TARGET_NAME)";
				SWIFT_VERSION = 5.0;
				TARGETED_DEVICE_FAMILY = "1,2";
				TEST_TARGET_NAME = DailyNews;
			};
			name = Release;
		};
/* End XCBuildConfiguration section */

/* Begin XCConfigurationList section */
		F4ACBA98272513300001B6A0 /* Build configuration list for PBXProject "DailyNews" */ = {
			isa = XCConfigurationList;
			buildConfigurations = (
				F4ACBAC52725133C0001B6A0 /* Debug */,
				F4ACBAC62725133C0001B6A0 /* Release */,
			);
			defaultConfigurationIsVisible = 0;
			defaultConfigurationName = Release;
		};
		F4ACBAC72725133C0001B6A0 /* Build configuration list for PBXNativeTarget "DailyNews" */ = {
			isa = XCConfigurationList;
			buildConfigurations = (
				F4ACBAC82725133C0001B6A0 /* Debug */,
				F4ACBAC92725133C0001B6A0 /* Release */,
			);
			defaultConfigurationIsVisible = 0;
			defaultConfigurationName = Release;
		};
		F4ACBACA2725133C0001B6A0 /* Build configuration list for PBXNativeTarget "DailyNewsTests" */ = {
			isa = XCConfigurationList;
			buildConfigurations = (
				F4ACBACB2725133C0001B6A0 /* Debug */,
				F4ACBACC2725133C0001B6A0 /* Release */,
			);
			defaultConfigurationIsVisible = 0;
			defaultConfigurationName = Release;
		};
		F4ACBACD2725133C0001B6A0 /* Build configuration list for PBXNativeTarget "DailyNewsUITests" */ = {
			isa = XCConfigurationList;
			buildConfigurations = (
				F4ACBACE2725133C0001B6A0 /* Debug */,
				F4ACBACF2725133C0001B6A0 /* Release */,
			);
			defaultConfigurationIsVisible = 0;
			defaultConfigurationName = Release;
		};
/* End XCConfigurationList section */
	};
	rootObject = F4ACBA95272513300001B6A0 /* Project object */;
}
